// !$*UTF8*$!
{
	archiveVersion = 1;
	classes = {
	};
	objectVersion = 46;
	objects = {

/* Begin PBXBuildFile section */
<<<<<<< HEAD
		18636BD719FDDCB800A0F265 /* 9.jpg in Resources */ = {isa = PBXBuildFile; fileRef = 18636BD619FDDCB800A0F265 /* 9.jpg */; };
=======
		181A625019ED173100F905E8 /* 9.jpg in Resources */ = {isa = PBXBuildFile; fileRef = 181A624F19ED173100F905E8 /* 9.jpg */; };
>>>>>>> FETCH_HEAD
		18AC0C4F19EEAAF900DB5D3C /* 18.jpg in Resources */ = {isa = PBXBuildFile; fileRef = 18AC0C4C19EEAAF900DB5D3C /* 18.jpg */; };
		18AC0C5019EEAAF900DB5D3C /* 19.jpg in Resources */ = {isa = PBXBuildFile; fileRef = 18AC0C4D19EEAAF900DB5D3C /* 19.jpg */; };
		18AC0C5119EEAAF900DB5D3C /* 20.jpg in Resources */ = {isa = PBXBuildFile; fileRef = 18AC0C4E19EEAAF900DB5D3C /* 20.jpg */; };
		18B7C11819EE3FA200839EC8 /* 17.jpg in Resources */ = {isa = PBXBuildFile; fileRef = 18B7C11019EE3FA200839EC8 /* 17.jpg */; };
		18B7C11919EE3FA200839EC8 /* 14.jpg in Resources */ = {isa = PBXBuildFile; fileRef = 18B7C11119EE3FA200839EC8 /* 14.jpg */; };
		18B7C11A19EE3FA200839EC8 /* 16.jpg in Resources */ = {isa = PBXBuildFile; fileRef = 18B7C11219EE3FA200839EC8 /* 16.jpg */; };
		18B7C11B19EE3FA200839EC8 /* 11.jpg in Resources */ = {isa = PBXBuildFile; fileRef = 18B7C11319EE3FA200839EC8 /* 11.jpg */; };
		18B7C11C19EE3FA200839EC8 /* 12.jpg in Resources */ = {isa = PBXBuildFile; fileRef = 18B7C11419EE3FA200839EC8 /* 12.jpg */; };
		18B7C11D19EE3FA200839EC8 /* 13.jpg in Resources */ = {isa = PBXBuildFile; fileRef = 18B7C11519EE3FA200839EC8 /* 13.jpg */; };
		18B7C11E19EE3FA200839EC8 /* 10.jpg in Resources */ = {isa = PBXBuildFile; fileRef = 18B7C11619EE3FA200839EC8 /* 10.jpg */; };
		18B7C11F19EE3FA200839EC8 /* 15.jpg in Resources */ = {isa = PBXBuildFile; fileRef = 18B7C11719EE3FA200839EC8 /* 15.jpg */; };
		18D435B219E8DAC600E2CA4D /* AppDelegate.swift in Sources */ = {isa = PBXBuildFile; fileRef = 18D435B119E8DAC600E2CA4D /* AppDelegate.swift */; };
		18D435B419E8DAC600E2CA4D /* ViewController.swift in Sources */ = {isa = PBXBuildFile; fileRef = 18D435B319E8DAC600E2CA4D /* ViewController.swift */; };
		18D435B719E8DAC600E2CA4D /* Main.storyboard in Resources */ = {isa = PBXBuildFile; fileRef = 18D435B519E8DAC600E2CA4D /* Main.storyboard */; };
		18D435B919E8DAC600E2CA4D /* Images.xcassets in Resources */ = {isa = PBXBuildFile; fileRef = 18D435B819E8DAC600E2CA4D /* Images.xcassets */; };
		18D435BC19E8DAC600E2CA4D /* LaunchScreen.xib in Resources */ = {isa = PBXBuildFile; fileRef = 18D435BA19E8DAC600E2CA4D /* LaunchScreen.xib */; };
		18D435C819E8DAC600E2CA4D /* ImageFilterTests.swift in Sources */ = {isa = PBXBuildFile; fileRef = 18D435C719E8DAC600E2CA4D /* ImageFilterTests.swift */; };
		18D435D219E8DADE00E2CA4D /* 7.jpg in Resources */ = {isa = PBXBuildFile; fileRef = 18D435D119E8DADE00E2CA4D /* 7.jpg */; };
		18D435DA19E8F05D00E2CA4D /* 6.jpg in Resources */ = {isa = PBXBuildFile; fileRef = 18D435D319E8F05D00E2CA4D /* 6.jpg */; };
		18D435DB19E8F05D00E2CA4D /* 0.jpg in Resources */ = {isa = PBXBuildFile; fileRef = 18D435D419E8F05D00E2CA4D /* 0.jpg */; };
		18D435DC19E8F05D00E2CA4D /* 1.jpg in Resources */ = {isa = PBXBuildFile; fileRef = 18D435D519E8F05D00E2CA4D /* 1.jpg */; };
		18D435DD19E8F05D00E2CA4D /* 3.jpg in Resources */ = {isa = PBXBuildFile; fileRef = 18D435D619E8F05D00E2CA4D /* 3.jpg */; };
		18D435DE19E8F05D00E2CA4D /* 2.jpg in Resources */ = {isa = PBXBuildFile; fileRef = 18D435D719E8F05D00E2CA4D /* 2.jpg */; };
		18D435DF19E8F05D00E2CA4D /* 5.jpg in Resources */ = {isa = PBXBuildFile; fileRef = 18D435D819E8F05D00E2CA4D /* 5.jpg */; };
		18D435E019E8F05D00E2CA4D /* 4.jpg in Resources */ = {isa = PBXBuildFile; fileRef = 18D435D919E8F05D00E2CA4D /* 4.jpg */; };
		18D435E319EA67EB00E2CA4D /* 8.jpg in Resources */ = {isa = PBXBuildFile; fileRef = 18D435E219EA67EB00E2CA4D /* 8.jpg */; };
/* End PBXBuildFile section */

/* Begin PBXContainerItemProxy section */
		18D435C219E8DAC600E2CA4D /* PBXContainerItemProxy */ = {
			isa = PBXContainerItemProxy;
			containerPortal = 18D435A419E8DAC600E2CA4D /* Project object */;
			proxyType = 1;
			remoteGlobalIDString = 18D435AB19E8DAC600E2CA4D;
			remoteInfo = ImageFilter;
		};
/* End PBXContainerItemProxy section */

/* Begin PBXFileReference section */
<<<<<<< HEAD
		18636BD619FDDCB800A0F265 /* 9.jpg */ = {isa = PBXFileReference; lastKnownFileType = image.jpeg; path = 9.jpg; sourceTree = "<group>"; };
=======
		181A624F19ED173100F905E8 /* 9.jpg */ = {isa = PBXFileReference; lastKnownFileType = image.jpeg; path = 9.jpg; sourceTree = "<group>"; };
>>>>>>> FETCH_HEAD
		18AC0C4C19EEAAF900DB5D3C /* 18.jpg */ = {isa = PBXFileReference; lastKnownFileType = image.jpeg; path = 18.jpg; sourceTree = "<group>"; };
		18AC0C4D19EEAAF900DB5D3C /* 19.jpg */ = {isa = PBXFileReference; lastKnownFileType = image.jpeg; path = 19.jpg; sourceTree = "<group>"; };
		18AC0C4E19EEAAF900DB5D3C /* 20.jpg */ = {isa = PBXFileReference; lastKnownFileType = image.jpeg; path = 20.jpg; sourceTree = "<group>"; };
		18B7C11019EE3FA200839EC8 /* 17.jpg */ = {isa = PBXFileReference; lastKnownFileType = image.jpeg; path = 17.jpg; sourceTree = "<group>"; };
		18B7C11119EE3FA200839EC8 /* 14.jpg */ = {isa = PBXFileReference; lastKnownFileType = image.jpeg; path = 14.jpg; sourceTree = "<group>"; };
		18B7C11219EE3FA200839EC8 /* 16.jpg */ = {isa = PBXFileReference; lastKnownFileType = image.jpeg; path = 16.jpg; sourceTree = "<group>"; };
		18B7C11319EE3FA200839EC8 /* 11.jpg */ = {isa = PBXFileReference; lastKnownFileType = image.jpeg; path = 11.jpg; sourceTree = "<group>"; };
		18B7C11419EE3FA200839EC8 /* 12.jpg */ = {isa = PBXFileReference; lastKnownFileType = image.jpeg; path = 12.jpg; sourceTree = "<group>"; };
		18B7C11519EE3FA200839EC8 /* 13.jpg */ = {isa = PBXFileReference; lastKnownFileType = image.jpeg; path = 13.jpg; sourceTree = "<group>"; };
		18B7C11619EE3FA200839EC8 /* 10.jpg */ = {isa = PBXFileReference; lastKnownFileType = image.jpeg; path = 10.jpg; sourceTree = "<group>"; };
		18B7C11719EE3FA200839EC8 /* 15.jpg */ = {isa = PBXFileReference; lastKnownFileType = image.jpeg; path = 15.jpg; sourceTree = "<group>"; };
		18D435AC19E8DAC600E2CA4D /* ImageFilter.app */ = {isa = PBXFileReference; explicitFileType = wrapper.application; includeInIndex = 0; path = ImageFilter.app; sourceTree = BUILT_PRODUCTS_DIR; };
		18D435B019E8DAC600E2CA4D /* Info.plist */ = {isa = PBXFileReference; lastKnownFileType = text.plist.xml; path = Info.plist; sourceTree = "<group>"; };
		18D435B119E8DAC600E2CA4D /* AppDelegate.swift */ = {isa = PBXFileReference; lastKnownFileType = sourcecode.swift; path = AppDelegate.swift; sourceTree = "<group>"; };
		18D435B319E8DAC600E2CA4D /* ViewController.swift */ = {isa = PBXFileReference; lastKnownFileType = sourcecode.swift; path = ViewController.swift; sourceTree = "<group>"; };
		18D435B619E8DAC600E2CA4D /* Base */ = {isa = PBXFileReference; lastKnownFileType = file.storyboard; name = Base; path = Base.lproj/Main.storyboard; sourceTree = "<group>"; };
		18D435B819E8DAC600E2CA4D /* Images.xcassets */ = {isa = PBXFileReference; lastKnownFileType = folder.assetcatalog; path = Images.xcassets; sourceTree = "<group>"; };
		18D435BB19E8DAC600E2CA4D /* Base */ = {isa = PBXFileReference; lastKnownFileType = file.xib; name = Base; path = Base.lproj/LaunchScreen.xib; sourceTree = "<group>"; };
		18D435C119E8DAC600E2CA4D /* ImageFilterTests.xctest */ = {isa = PBXFileReference; explicitFileType = wrapper.cfbundle; includeInIndex = 0; path = ImageFilterTests.xctest; sourceTree = BUILT_PRODUCTS_DIR; };
		18D435C619E8DAC600E2CA4D /* Info.plist */ = {isa = PBXFileReference; lastKnownFileType = text.plist.xml; path = Info.plist; sourceTree = "<group>"; };
		18D435C719E8DAC600E2CA4D /* ImageFilterTests.swift */ = {isa = PBXFileReference; lastKnownFileType = sourcecode.swift; path = ImageFilterTests.swift; sourceTree = "<group>"; };
		18D435D119E8DADE00E2CA4D /* 7.jpg */ = {isa = PBXFileReference; lastKnownFileType = image.jpeg; path = 7.jpg; sourceTree = "<group>"; };
		18D435D319E8F05D00E2CA4D /* 6.jpg */ = {isa = PBXFileReference; lastKnownFileType = image.jpeg; path = 6.jpg; sourceTree = "<group>"; };
		18D435D419E8F05D00E2CA4D /* 0.jpg */ = {isa = PBXFileReference; lastKnownFileType = image.jpeg; path = 0.jpg; sourceTree = "<group>"; };
		18D435D519E8F05D00E2CA4D /* 1.jpg */ = {isa = PBXFileReference; lastKnownFileType = image.jpeg; path = 1.jpg; sourceTree = "<group>"; };
		18D435D619E8F05D00E2CA4D /* 3.jpg */ = {isa = PBXFileReference; lastKnownFileType = image.jpeg; path = 3.jpg; sourceTree = "<group>"; };
		18D435D719E8F05D00E2CA4D /* 2.jpg */ = {isa = PBXFileReference; lastKnownFileType = image.jpeg; path = 2.jpg; sourceTree = "<group>"; };
		18D435D819E8F05D00E2CA4D /* 5.jpg */ = {isa = PBXFileReference; lastKnownFileType = image.jpeg; path = 5.jpg; sourceTree = "<group>"; };
		18D435D919E8F05D00E2CA4D /* 4.jpg */ = {isa = PBXFileReference; lastKnownFileType = image.jpeg; path = 4.jpg; sourceTree = "<group>"; };
		18D435E119E9068900E2CA4D /* MyPlayground.playground */ = {isa = PBXFileReference; lastKnownFileType = file.playground; path = MyPlayground.playground; sourceTree = "<group>"; };
		18D435E219EA67EB00E2CA4D /* 8.jpg */ = {isa = PBXFileReference; lastKnownFileType = image.jpeg; path = 8.jpg; sourceTree = "<group>"; };
/* End PBXFileReference section */

/* Begin PBXFrameworksBuildPhase section */
		18D435A919E8DAC600E2CA4D /* Frameworks */ = {
			isa = PBXFrameworksBuildPhase;
			buildActionMask = 2147483647;
			files = (
			);
			runOnlyForDeploymentPostprocessing = 0;
		};
		18D435BE19E8DAC600E2CA4D /* Frameworks */ = {
			isa = PBXFrameworksBuildPhase;
			buildActionMask = 2147483647;
			files = (
			);
			runOnlyForDeploymentPostprocessing = 0;
		};
/* End PBXFrameworksBuildPhase section */

/* Begin PBXGroup section */
		18D435A319E8DAC600E2CA4D = {
			isa = PBXGroup;
			children = (
				18D435AE19E8DAC600E2CA4D /* ImageFilter */,
				18D435C419E8DAC600E2CA4D /* ImageFilterTests */,
				18D435AD19E8DAC600E2CA4D /* Products */,
			);
			sourceTree = "<group>";
		};
		18D435AD19E8DAC600E2CA4D /* Products */ = {
			isa = PBXGroup;
			children = (
				18D435AC19E8DAC600E2CA4D /* ImageFilter.app */,
				18D435C119E8DAC600E2CA4D /* ImageFilterTests.xctest */,
			);
			name = Products;
			sourceTree = "<group>";
		};
		18D435AE19E8DAC600E2CA4D /* ImageFilter */ = {
			isa = PBXGroup;
			children = (
				18D435B119E8DAC600E2CA4D /* AppDelegate.swift */,
				18D435B319E8DAC600E2CA4D /* ViewController.swift */,
				18D435D419E8F05D00E2CA4D /* 0.jpg */,
				18D435D519E8F05D00E2CA4D /* 1.jpg */,
				18D435D719E8F05D00E2CA4D /* 2.jpg */,
				18D435D619E8F05D00E2CA4D /* 3.jpg */,
				18D435D919E8F05D00E2CA4D /* 4.jpg */,
				18D435D819E8F05D00E2CA4D /* 5.jpg */,
				18D435D319E8F05D00E2CA4D /* 6.jpg */,
				18D435D119E8DADE00E2CA4D /* 7.jpg */,
				18D435E219EA67EB00E2CA4D /* 8.jpg */,
<<<<<<< HEAD
				18636BD619FDDCB800A0F265 /* 9.jpg */,
=======
				181A624F19ED173100F905E8 /* 9.jpg */,
>>>>>>> FETCH_HEAD
				18B7C11019EE3FA200839EC8 /* 17.jpg */,
				18B7C11119EE3FA200839EC8 /* 14.jpg */,
				18B7C11219EE3FA200839EC8 /* 16.jpg */,
				18B7C11319EE3FA200839EC8 /* 11.jpg */,
				18B7C11419EE3FA200839EC8 /* 12.jpg */,
				18B7C11519EE3FA200839EC8 /* 13.jpg */,
				18B7C11619EE3FA200839EC8 /* 10.jpg */,
				18B7C11719EE3FA200839EC8 /* 15.jpg */,
				18AC0C4C19EEAAF900DB5D3C /* 18.jpg */,
				18AC0C4D19EEAAF900DB5D3C /* 19.jpg */,
				18AC0C4E19EEAAF900DB5D3C /* 20.jpg */,
				18D435E119E9068900E2CA4D /* MyPlayground.playground */,
				18D435B519E8DAC600E2CA4D /* Main.storyboard */,
				18D435B819E8DAC600E2CA4D /* Images.xcassets */,
				18D435BA19E8DAC600E2CA4D /* LaunchScreen.xib */,
				18D435AF19E8DAC600E2CA4D /* Supporting Files */,
			);
			path = ImageFilter;
			sourceTree = "<group>";
		};
		18D435AF19E8DAC600E2CA4D /* Supporting Files */ = {
			isa = PBXGroup;
			children = (
				18D435B019E8DAC600E2CA4D /* Info.plist */,
			);
			name = "Supporting Files";
			sourceTree = "<group>";
		};
		18D435C419E8DAC600E2CA4D /* ImageFilterTests */ = {
			isa = PBXGroup;
			children = (
				18D435C719E8DAC600E2CA4D /* ImageFilterTests.swift */,
				18D435C519E8DAC600E2CA4D /* Supporting Files */,
			);
			path = ImageFilterTests;
			sourceTree = "<group>";
		};
		18D435C519E8DAC600E2CA4D /* Supporting Files */ = {
			isa = PBXGroup;
			children = (
				18D435C619E8DAC600E2CA4D /* Info.plist */,
			);
			name = "Supporting Files";
			sourceTree = "<group>";
		};
/* End PBXGroup section */

/* Begin PBXNativeTarget section */
		18D435AB19E8DAC600E2CA4D /* ImageFilter */ = {
			isa = PBXNativeTarget;
			buildConfigurationList = 18D435CB19E8DAC700E2CA4D /* Build configuration list for PBXNativeTarget "ImageFilter" */;
			buildPhases = (
				18D435A819E8DAC600E2CA4D /* Sources */,
				18D435A919E8DAC600E2CA4D /* Frameworks */,
				18D435AA19E8DAC600E2CA4D /* Resources */,
			);
			buildRules = (
			);
			dependencies = (
			);
			name = ImageFilter;
			productName = ImageFilter;
			productReference = 18D435AC19E8DAC600E2CA4D /* ImageFilter.app */;
			productType = "com.apple.product-type.application";
		};
		18D435C019E8DAC600E2CA4D /* ImageFilterTests */ = {
			isa = PBXNativeTarget;
			buildConfigurationList = 18D435CE19E8DAC700E2CA4D /* Build configuration list for PBXNativeTarget "ImageFilterTests" */;
			buildPhases = (
				18D435BD19E8DAC600E2CA4D /* Sources */,
				18D435BE19E8DAC600E2CA4D /* Frameworks */,
				18D435BF19E8DAC600E2CA4D /* Resources */,
			);
			buildRules = (
			);
			dependencies = (
				18D435C319E8DAC600E2CA4D /* PBXTargetDependency */,
			);
			name = ImageFilterTests;
			productName = ImageFilterTests;
			productReference = 18D435C119E8DAC600E2CA4D /* ImageFilterTests.xctest */;
			productType = "com.apple.product-type.bundle.unit-test";
		};
/* End PBXNativeTarget section */

/* Begin PBXProject section */
		18D435A419E8DAC600E2CA4D /* Project object */ = {
			isa = PBXProject;
			attributes = {
				LastUpgradeCheck = 0600;
				ORGANIZATIONNAME = zhaozq;
				TargetAttributes = {
					18D435AB19E8DAC600E2CA4D = {
						CreatedOnToolsVersion = 6.0.1;
					};
					18D435C019E8DAC600E2CA4D = {
						CreatedOnToolsVersion = 6.0.1;
						TestTargetID = 18D435AB19E8DAC600E2CA4D;
					};
				};
			};
			buildConfigurationList = 18D435A719E8DAC600E2CA4D /* Build configuration list for PBXProject "ImageFilter" */;
			compatibilityVersion = "Xcode 3.2";
			developmentRegion = English;
			hasScannedForEncodings = 0;
			knownRegions = (
				en,
				Base,
			);
			mainGroup = 18D435A319E8DAC600E2CA4D;
			productRefGroup = 18D435AD19E8DAC600E2CA4D /* Products */;
			projectDirPath = "";
			projectRoot = "";
			targets = (
				18D435AB19E8DAC600E2CA4D /* ImageFilter */,
				18D435C019E8DAC600E2CA4D /* ImageFilterTests */,
			);
		};
/* End PBXProject section */

/* Begin PBXResourcesBuildPhase section */
		18D435AA19E8DAC600E2CA4D /* Resources */ = {
			isa = PBXResourcesBuildPhase;
			buildActionMask = 2147483647;
			files = (
				18B7C11919EE3FA200839EC8 /* 14.jpg in Resources */,
<<<<<<< HEAD
=======
				181A625019ED173100F905E8 /* 9.jpg in Resources */,
>>>>>>> FETCH_HEAD
				18B7C11C19EE3FA200839EC8 /* 12.jpg in Resources */,
				18B7C11819EE3FA200839EC8 /* 17.jpg in Resources */,
				18D435E319EA67EB00E2CA4D /* 8.jpg in Resources */,
				18B7C11D19EE3FA200839EC8 /* 13.jpg in Resources */,
				18D435DB19E8F05D00E2CA4D /* 0.jpg in Resources */,
				18D435E019E8F05D00E2CA4D /* 4.jpg in Resources */,
				18D435DE19E8F05D00E2CA4D /* 2.jpg in Resources */,
				18D435B719E8DAC600E2CA4D /* Main.storyboard in Resources */,
				18B7C11E19EE3FA200839EC8 /* 10.jpg in Resources */,
				18AC0C5019EEAAF900DB5D3C /* 19.jpg in Resources */,
				18D435BC19E8DAC600E2CA4D /* LaunchScreen.xib in Resources */,
				18AC0C4F19EEAAF900DB5D3C /* 18.jpg in Resources */,
				18D435DD19E8F05D00E2CA4D /* 3.jpg in Resources */,
				18D435DA19E8F05D00E2CA4D /* 6.jpg in Resources */,
				18B7C11F19EE3FA200839EC8 /* 15.jpg in Resources */,
				18D435B919E8DAC600E2CA4D /* Images.xcassets in Resources */,
				18B7C11A19EE3FA200839EC8 /* 16.jpg in Resources */,
				18D435DF19E8F05D00E2CA4D /* 5.jpg in Resources */,
				18D435D219E8DADE00E2CA4D /* 7.jpg in Resources */,
				18D435DC19E8F05D00E2CA4D /* 1.jpg in Resources */,
<<<<<<< HEAD
				18636BD719FDDCB800A0F265 /* 9.jpg in Resources */,
=======
>>>>>>> FETCH_HEAD
				18B7C11B19EE3FA200839EC8 /* 11.jpg in Resources */,
				18AC0C5119EEAAF900DB5D3C /* 20.jpg in Resources */,
			);
			runOnlyForDeploymentPostprocessing = 0;
		};
		18D435BF19E8DAC600E2CA4D /* Resources */ = {
			isa = PBXResourcesBuildPhase;
			buildActionMask = 2147483647;
			files = (
			);
			runOnlyForDeploymentPostprocessing = 0;
		};
/* End PBXResourcesBuildPhase section */

/* Begin PBXSourcesBuildPhase section */
		18D435A819E8DAC600E2CA4D /* Sources */ = {
			isa = PBXSourcesBuildPhase;
			buildActionMask = 2147483647;
			files = (
				18D435B419E8DAC600E2CA4D /* ViewController.swift in Sources */,
				18D435B219E8DAC600E2CA4D /* AppDelegate.swift in Sources */,
			);
			runOnlyForDeploymentPostprocessing = 0;
		};
		18D435BD19E8DAC600E2CA4D /* Sources */ = {
			isa = PBXSourcesBuildPhase;
			buildActionMask = 2147483647;
			files = (
				18D435C819E8DAC600E2CA4D /* ImageFilterTests.swift in Sources */,
			);
			runOnlyForDeploymentPostprocessing = 0;
		};
/* End PBXSourcesBuildPhase section */

/* Begin PBXTargetDependency section */
		18D435C319E8DAC600E2CA4D /* PBXTargetDependency */ = {
			isa = PBXTargetDependency;
			target = 18D435AB19E8DAC600E2CA4D /* ImageFilter */;
			targetProxy = 18D435C219E8DAC600E2CA4D /* PBXContainerItemProxy */;
		};
/* End PBXTargetDependency section */

/* Begin PBXVariantGroup section */
		18D435B519E8DAC600E2CA4D /* Main.storyboard */ = {
			isa = PBXVariantGroup;
			children = (
				18D435B619E8DAC600E2CA4D /* Base */,
			);
			name = Main.storyboard;
			sourceTree = "<group>";
		};
		18D435BA19E8DAC600E2CA4D /* LaunchScreen.xib */ = {
			isa = PBXVariantGroup;
			children = (
				18D435BB19E8DAC600E2CA4D /* Base */,
			);
			name = LaunchScreen.xib;
			sourceTree = "<group>";
		};
/* End PBXVariantGroup section */

/* Begin XCBuildConfiguration section */
		18D435C919E8DAC700E2CA4D /* Debug */ = {
			isa = XCBuildConfiguration;
			buildSettings = {
				ALWAYS_SEARCH_USER_PATHS = NO;
				CLANG_CXX_LANGUAGE_STANDARD = "gnu++0x";
				CLANG_CXX_LIBRARY = "libc++";
				CLANG_ENABLE_MODULES = YES;
				CLANG_ENABLE_OBJC_ARC = YES;
				CLANG_WARN_BOOL_CONVERSION = YES;
				CLANG_WARN_CONSTANT_CONVERSION = YES;
				CLANG_WARN_DIRECT_OBJC_ISA_USAGE = YES_ERROR;
				CLANG_WARN_EMPTY_BODY = YES;
				CLANG_WARN_ENUM_CONVERSION = YES;
				CLANG_WARN_INT_CONVERSION = YES;
				CLANG_WARN_OBJC_ROOT_CLASS = YES_ERROR;
				CLANG_WARN_UNREACHABLE_CODE = YES;
				CLANG_WARN__DUPLICATE_METHOD_MATCH = YES;
				"CODE_SIGN_IDENTITY[sdk=iphoneos*]" = "iPhone Developer";
				COPY_PHASE_STRIP = NO;
				ENABLE_STRICT_OBJC_MSGSEND = YES;
				GCC_C_LANGUAGE_STANDARD = gnu99;
				GCC_DYNAMIC_NO_PIC = NO;
				GCC_OPTIMIZATION_LEVEL = 0;
				GCC_PREPROCESSOR_DEFINITIONS = (
					"DEBUG=1",
					"$(inherited)",
				);
				GCC_SYMBOLS_PRIVATE_EXTERN = NO;
				GCC_WARN_64_TO_32_BIT_CONVERSION = YES;
				GCC_WARN_ABOUT_RETURN_TYPE = YES_ERROR;
				GCC_WARN_UNDECLARED_SELECTOR = YES;
				GCC_WARN_UNINITIALIZED_AUTOS = YES_AGGRESSIVE;
				GCC_WARN_UNUSED_FUNCTION = YES;
				GCC_WARN_UNUSED_VARIABLE = YES;
				IPHONEOS_DEPLOYMENT_TARGET = 8.0;
				MTL_ENABLE_DEBUG_INFO = YES;
				ONLY_ACTIVE_ARCH = YES;
				SDKROOT = iphoneos;
				SWIFT_OPTIMIZATION_LEVEL = "-Onone";
				TARGETED_DEVICE_FAMILY = "1,2";
			};
			name = Debug;
		};
		18D435CA19E8DAC700E2CA4D /* Release */ = {
			isa = XCBuildConfiguration;
			buildSettings = {
				ALWAYS_SEARCH_USER_PATHS = NO;
				CLANG_CXX_LANGUAGE_STANDARD = "gnu++0x";
				CLANG_CXX_LIBRARY = "libc++";
				CLANG_ENABLE_MODULES = YES;
				CLANG_ENABLE_OBJC_ARC = YES;
				CLANG_WARN_BOOL_CONVERSION = YES;
				CLANG_WARN_CONSTANT_CONVERSION = YES;
				CLANG_WARN_DIRECT_OBJC_ISA_USAGE = YES_ERROR;
				CLANG_WARN_EMPTY_BODY = YES;
				CLANG_WARN_ENUM_CONVERSION = YES;
				CLANG_WARN_INT_CONVERSION = YES;
				CLANG_WARN_OBJC_ROOT_CLASS = YES_ERROR;
				CLANG_WARN_UNREACHABLE_CODE = YES;
				CLANG_WARN__DUPLICATE_METHOD_MATCH = YES;
				"CODE_SIGN_IDENTITY[sdk=iphoneos*]" = "iPhone Developer";
				COPY_PHASE_STRIP = YES;
				ENABLE_NS_ASSERTIONS = NO;
				ENABLE_STRICT_OBJC_MSGSEND = YES;
				GCC_C_LANGUAGE_STANDARD = gnu99;
				GCC_WARN_64_TO_32_BIT_CONVERSION = YES;
				GCC_WARN_ABOUT_RETURN_TYPE = YES_ERROR;
				GCC_WARN_UNDECLARED_SELECTOR = YES;
				GCC_WARN_UNINITIALIZED_AUTOS = YES_AGGRESSIVE;
				GCC_WARN_UNUSED_FUNCTION = YES;
				GCC_WARN_UNUSED_VARIABLE = YES;
				IPHONEOS_DEPLOYMENT_TARGET = 8.0;
				MTL_ENABLE_DEBUG_INFO = NO;
				SDKROOT = iphoneos;
				TARGETED_DEVICE_FAMILY = "1,2";
				VALIDATE_PRODUCT = YES;
			};
			name = Release;
		};
		18D435CC19E8DAC700E2CA4D /* Debug */ = {
			isa = XCBuildConfiguration;
			buildSettings = {
				ASSETCATALOG_COMPILER_APPICON_NAME = AppIcon;
				CODE_SIGN_IDENTITY = "iPhone Developer: Shunsen Yu (XXFKPMC5H9)";
				INFOPLIST_FILE = ImageFilter/Info.plist;
				IPHONEOS_DEPLOYMENT_TARGET = 8.0;
				LD_RUNPATH_SEARCH_PATHS = "$(inherited) @executable_path/Frameworks";
				PRODUCT_NAME = "$(TARGET_NAME)";
				PROVISIONING_PROFILE = "78a43dba-2e9c-45bd-a424-159dab845dcd";
				TARGETED_DEVICE_FAMILY = 1;
			};
			name = Debug;
		};
		18D435CD19E8DAC700E2CA4D /* Release */ = {
			isa = XCBuildConfiguration;
			buildSettings = {
				ASSETCATALOG_COMPILER_APPICON_NAME = AppIcon;
				CODE_SIGN_IDENTITY = "iPhone Developer: Shunsen Yu (XXFKPMC5H9)";
				"CODE_SIGN_IDENTITY[sdk=iphoneos*]" = "iPhone Developer: Shunsen Yu (XXFKPMC5H9)";
				INFOPLIST_FILE = ImageFilter/Info.plist;
				IPHONEOS_DEPLOYMENT_TARGET = 8.0;
				LD_RUNPATH_SEARCH_PATHS = "$(inherited) @executable_path/Frameworks";
				PRODUCT_NAME = "$(TARGET_NAME)";
				PROVISIONING_PROFILE = "78a43dba-2e9c-45bd-a424-159dab845dcd";
				TARGETED_DEVICE_FAMILY = 1;
			};
			name = Release;
		};
		18D435CF19E8DAC700E2CA4D /* Debug */ = {
			isa = XCBuildConfiguration;
			buildSettings = {
				BUNDLE_LOADER = "$(TEST_HOST)";
				FRAMEWORK_SEARCH_PATHS = (
					"$(SDKROOT)/Developer/Library/Frameworks",
					"$(inherited)",
				);
				GCC_PREPROCESSOR_DEFINITIONS = (
					"DEBUG=1",
					"$(inherited)",
				);
				INFOPLIST_FILE = ImageFilterTests/Info.plist;
				LD_RUNPATH_SEARCH_PATHS = "$(inherited) @executable_path/Frameworks @loader_path/Frameworks";
				PRODUCT_NAME = "$(TARGET_NAME)";
				TEST_HOST = "$(BUILT_PRODUCTS_DIR)/ImageFilter.app/ImageFilter";
			};
			name = Debug;
		};
		18D435D019E8DAC700E2CA4D /* Release */ = {
			isa = XCBuildConfiguration;
			buildSettings = {
				BUNDLE_LOADER = "$(TEST_HOST)";
				FRAMEWORK_SEARCH_PATHS = (
					"$(SDKROOT)/Developer/Library/Frameworks",
					"$(inherited)",
				);
				INFOPLIST_FILE = ImageFilterTests/Info.plist;
				LD_RUNPATH_SEARCH_PATHS = "$(inherited) @executable_path/Frameworks @loader_path/Frameworks";
				PRODUCT_NAME = "$(TARGET_NAME)";
				TEST_HOST = "$(BUILT_PRODUCTS_DIR)/ImageFilter.app/ImageFilter";
			};
			name = Release;
		};
/* End XCBuildConfiguration section */

/* Begin XCConfigurationList section */
		18D435A719E8DAC600E2CA4D /* Build configuration list for PBXProject "ImageFilter" */ = {
			isa = XCConfigurationList;
			buildConfigurations = (
				18D435C919E8DAC700E2CA4D /* Debug */,
				18D435CA19E8DAC700E2CA4D /* Release */,
			);
			defaultConfigurationIsVisible = 0;
			defaultConfigurationName = Release;
		};
		18D435CB19E8DAC700E2CA4D /* Build configuration list for PBXNativeTarget "ImageFilter" */ = {
			isa = XCConfigurationList;
			buildConfigurations = (
				18D435CC19E8DAC700E2CA4D /* Debug */,
				18D435CD19E8DAC700E2CA4D /* Release */,
			);
			defaultConfigurationIsVisible = 0;
			defaultConfigurationName = Release;
		};
		18D435CE19E8DAC700E2CA4D /* Build configuration list for PBXNativeTarget "ImageFilterTests" */ = {
			isa = XCConfigurationList;
			buildConfigurations = (
				18D435CF19E8DAC700E2CA4D /* Debug */,
				18D435D019E8DAC700E2CA4D /* Release */,
			);
			defaultConfigurationIsVisible = 0;
			defaultConfigurationName = Release;
		};
/* End XCConfigurationList section */
	};
	rootObject = 18D435A419E8DAC600E2CA4D /* Project object */;
}
